
Microsoft Visual Studio Solution File, Format Version 12.00
# Visual Studio 15
VisualStudioVersion = 15.0.26730.15
MinimumVisualStudioVersion = 10.0.40219.1
Project("{9A19103F-16F7-4668-BE54-9A1E7A4F7556}") = "Utilities", "Utilities\Utilities.csproj", "{6887A209-1B58-44C5-89A5-66936E36E568}"
EndProject
Project("{FAE04EC0-301F-11D3-BF4B-00C04F79EFBC}") = "Utilities.Tests", "Utilities.Tests\Utilities.Tests.csproj", "{5FEC7056-891E-4314-A13F-2B411C0F7DFA}"
EndProject
Global
	GlobalSection(SolutionConfigurationPlatforms) = preSolution
		Debug|Any CPU = Debug|Any CPU
		Release|Any CPU = Release|Any CPU
	EndGlobalSection
	GlobalSection(ProjectConfigurationPlatforms) = postSolution
		{6887A209-1B58-44C5-89A5-66936E36E568}.Debug|Any CPU.ActiveCfg = Debug|Any CPU
		{6887A209-1B58-44C5-89A5-66936E36E568}.Debug|Any CPU.Build.0 = Debug|Any CPU
		{6887A209-1B58-44C5-89A5-66936E36E568}.Release|Any CPU.ActiveCfg = Release|Any CPU
		{6887A209-1B58-44C5-89A5-66936E36E568}.Release|Any CPU.Build.0 = Release|Any CPU
		{5FEC7056-891E-4314-A13F-2B411C0F7DFA}.Debug|Any CPU.ActiveCfg = Debug|Any CPU
		{5FEC7056-891E-4314-A13F-2B411C0F7DFA}.Debug|Any CPU.Build.0 = Debug|Any CPU
		{5FEC7056-891E-4314-A13F-2B411C0F7DFA}.Release|Any CPU.ActiveCfg = Release|Any CPU
		{5FEC7056-891E-4314-A13F-2B411C0F7DFA}.Release|Any CPU.Build.0 = Release|Any CPU
	EndGlobalSection
	GlobalSection(SolutionProperties) = preSolution
		HideSolutionNode = FALSE
	EndGlobalSection
	GlobalSection(ExtensibilityGlobals) = postSolution
		SolutionGuid = {F477C22B-3184-4D8B-B00E-629C91319204}
	EndGlobalSection
EndGlobal
